
Microsoft Visual Studio Solution File, Format Version 12.00
# Visual Studio 15
Project("{FAE04EC0-301F-11D3-BF4B-00C04F79EFBC}") = "Assembly-CSharp", "Assembly-CSharp.csproj", "{F902AF4A-689E-D688-B7A0-1E473D34BBAE}"
EndProject
Project("{FAE04EC0-301F-11D3-BF4B-00C04F79EFBC}") = "MacBLAS", "MacBLAS.csproj", "{FBA883C2-81E1-3339-0772-4FCC216DBD48}"
EndProject
Project("{FAE04EC0-301F-11D3-BF4B-00C04F79EFBC}") = "iOSBLAS", "iOSBLAS.csproj", "{E10F2DF4-F407-0BBE-7B66-5C799188C7A9}"
EndProject
Project("{FAE04EC0-301F-11D3-BF4B-00C04F79EFBC}") = "Assembly-CSharp-Editor", "Assembly-CSharp-Editor.csproj", "{8340CD70-7B86-DA6A-F14E-640E86A27B6E}"
EndProject
Global
	GlobalSection(SolutionConfigurationPlatforms) = preSolution
		Debug|Any CPU = Debug|Any CPU
		Release|Any CPU = Release|Any CPU
	EndGlobalSection
	GlobalSection(ProjectConfigurationPlatforms) = postSolution
		{F902AF4A-689E-D688-B7A0-1E473D34BBAE}.Debug|Any CPU.ActiveCfg = Debug|Any CPU
		{F902AF4A-689E-D688-B7A0-1E473D34BBAE}.Debug|Any CPU.Build.0 = Debug|Any CPU
		{F902AF4A-689E-D688-B7A0-1E473D34BBAE}.Release|Any CPU.ActiveCfg = Release|Any CPU
		{F902AF4A-689E-D688-B7A0-1E473D34BBAE}.Release|Any CPU.Build.0 = Release|Any CPU
		{FBA883C2-81E1-3339-0772-4FCC216DBD48}.Debug|Any CPU.ActiveCfg = Debug|Any CPU
		{FBA883C2-81E1-3339-0772-4FCC216DBD48}.Debug|Any CPU.Build.0 = Debug|Any CPU
		{FBA883C2-81E1-3339-0772-4FCC216DBD48}.Release|Any CPU.ActiveCfg = Release|Any CPU
		{FBA883C2-81E1-3339-0772-4FCC216DBD48}.Release|Any CPU.Build.0 = Release|Any CPU
		{E10F2DF4-F407-0BBE-7B66-5C799188C7A9}.Debug|Any CPU.ActiveCfg = Debug|Any CPU
		{E10F2DF4-F407-0BBE-7B66-5C799188C7A9}.Debug|Any CPU.Build.0 = Debug|Any CPU
		{E10F2DF4-F407-0BBE-7B66-5C799188C7A9}.Release|Any CPU.ActiveCfg = Release|Any CPU
		{E10F2DF4-F407-0BBE-7B66-5C799188C7A9}.Release|Any CPU.Build.0 = Release|Any CPU
		{8340CD70-7B86-DA6A-F14E-640E86A27B6E}.Debug|Any CPU.ActiveCfg = Debug|Any CPU
		{8340CD70-7B86-DA6A-F14E-640E86A27B6E}.Debug|Any CPU.Build.0 = Debug|Any CPU
		{8340CD70-7B86-DA6A-F14E-640E86A27B6E}.Release|Any CPU.ActiveCfg = Release|Any CPU
		{8340CD70-7B86-DA6A-F14E-640E86A27B6E}.Release|Any CPU.Build.0 = Release|Any CPU
	EndGlobalSection
	GlobalSection(SolutionProperties) = preSolution
		HideSolutionNode = FALSE
	EndGlobalSection
EndGlobal
